
Microsoft Visual Studio Solution File, Format Version 12.00
# Visual Studio Version 17
VisualStudioVersion = 17.7.34031.279
MinimumVisualStudioVersion = 10.0.40219.1
Project("{2150E333-8FDC-42A3-9474-1A3956D46DE8}") = "src", "src", "{651A5155-71E5-40DF-87B5-E759E156B758}"
EndProject
Project("{9A19103F-16F7-4668-BE54-9A1E7A4F7556}") = "ElmTest.Application", "src\ElmTest.Application\ElmTest.Application.csproj", "{0D030890-1B3C-44C8-BD32-1864AA874C4C}"
EndProject
Project("{9A19103F-16F7-4668-BE54-9A1E7A4F7556}") = "ElmTest.Contracts", "src\ElmTest.Contracts\ElmTest.Contracts.csproj", "{56AC72D8-BBB3-453B-9F2D-155B34370A97}"
EndProject
Project("{9A19103F-16F7-4668-BE54-9A1E7A4F7556}") = "ElmTest.Domain", "src\ElmTest.Domain\ElmTest.Domain.csproj", "{B2FAB3E1-D66F-4B4C-A6DE-2EA9098BA74D}"
EndProject
Project("{9A19103F-16F7-4668-BE54-9A1E7A4F7556}") = "ElmTest.Infrastructure", "src\ElmTest.Infrastructure\ElmTest.Infrastructure.csproj", "{AAC8398A-8C8A-4F78-B477-00E331D13AE1}"
EndProject
Project("{9A19103F-16F7-4668-BE54-9A1E7A4F7556}") = "Migrations", "src\Migrations\Migrations.csproj", "{146962B4-0082-419D-85D2-4A6040E1EE6F}"
EndProject
Project("{FAE04EC0-301F-11D3-BF4B-00C04F79EFBC}") = "ElmTest.Api", "src\ElmTest.Api\ElmTest.Api.csproj", "{D8099C48-22BF-4963-84DC-68DF4F807240}"
EndProject
Project("{2150E333-8FDC-42A3-9474-1A3956D46DE8}") = "tests", "tests", "{145A4264-4BF9-4BA8-90B8-B47210D68DCE}"
EndProject
Project("{FAE04EC0-301F-11D3-BF4B-00C04F79EFBC}") = "ElmTest.Api.Tests", "tests\ElmTest.Api.Tests\ElmTest.Api.Tests.csproj", "{24DB845A-7B05-4F26-A2F5-DC3E6C0AF06B}"
EndProject
Project("{FAE04EC0-301F-11D3-BF4B-00C04F79EFBC}") = "ElmTest.Domain.Tests", "tests\ElmTest.Domain.Tests\ElmTest.Domain.Tests.csproj", "{851B9604-A748-4FEA-B226-517D16977C78}"
EndProject
Project("{FAE04EC0-301F-11D3-BF4B-00C04F79EFBC}") = "ElmTest.Application.Tests", "tests\ElmTest.Application.Tests\ElmTest.Application.Tests.csproj", "{C3DCC373-E866-49EF-AE04-F1E599823958}"
EndProject
Project("{FAE04EC0-301F-11D3-BF4B-00C04F79EFBC}") = "ElmTest.Infrastructure.Tests", "tests\ElmTest.Infrastructure.Tests\ElmTest.Infrastructure.Tests.csproj", "{086AFECC-8800-430A-BEAF-ADE5FEB10A69}"
EndProject
Global
	GlobalSection(SolutionConfigurationPlatforms) = preSolution
		Debug|Any CPU = Debug|Any CPU
		Debug|x64 = Debug|x64
		Debug|x86 = Debug|x86
		Release|Any CPU = Release|Any CPU
		Release|x64 = Release|x64
		Release|x86 = Release|x86
	EndGlobalSection
	GlobalSection(ProjectConfigurationPlatforms) = postSolution
		{0D030890-1B3C-44C8-BD32-1864AA874C4C}.Debug|Any CPU.ActiveCfg = Debug|Any CPU
		{0D030890-1B3C-44C8-BD32-1864AA874C4C}.Debug|Any CPU.Build.0 = Debug|Any CPU
		{0D030890-1B3C-44C8-BD32-1864AA874C4C}.Debug|x64.ActiveCfg = Debug|Any CPU
		{0D030890-1B3C-44C8-BD32-1864AA874C4C}.Debug|x64.Build.0 = Debug|Any CPU
		{0D030890-1B3C-44C8-BD32-1864AA874C4C}.Debug|x86.ActiveCfg = Debug|Any CPU
		{0D030890-1B3C-44C8-BD32-1864AA874C4C}.Debug|x86.Build.0 = Debug|Any CPU
		{0D030890-1B3C-44C8-BD32-1864AA874C4C}.Release|Any CPU.ActiveCfg = Release|Any CPU
		{0D030890-1B3C-44C8-BD32-1864AA874C4C}.Release|Any CPU.Build.0 = Release|Any CPU
		{0D030890-1B3C-44C8-BD32-1864AA874C4C}.Release|x64.ActiveCfg = Release|Any CPU
		{0D030890-1B3C-44C8-BD32-1864AA874C4C}.Release|x64.Build.0 = Release|Any CPU
		{0D030890-1B3C-44C8-BD32-1864AA874C4C}.Release|x86.ActiveCfg = Release|Any CPU
		{0D030890-1B3C-44C8-BD32-1864AA874C4C}.Release|x86.Build.0 = Release|Any CPU
		{56AC72D8-BBB3-453B-9F2D-155B34370A97}.Debug|Any CPU.ActiveCfg = Debug|Any CPU
		{56AC72D8-BBB3-453B-9F2D-155B34370A97}.Debug|Any CPU.Build.0 = Debug|Any CPU
		{56AC72D8-BBB3-453B-9F2D-155B34370A97}.Debug|x64.ActiveCfg = Debug|Any CPU
		{56AC72D8-BBB3-453B-9F2D-155B34370A97}.Debug|x64.Build.0 = Debug|Any CPU
		{56AC72D8-BBB3-453B-9F2D-155B34370A97}.Debug|x86.ActiveCfg = Debug|Any CPU
		{56AC72D8-BBB3-453B-9F2D-155B34370A97}.Debug|x86.Build.0 = Debug|Any CPU
		{56AC72D8-BBB3-453B-9F2D-155B34370A97}.Release|Any CPU.ActiveCfg = Release|Any CPU
		{56AC72D8-BBB3-453B-9F2D-155B34370A97}.Release|Any CPU.Build.0 = Release|Any CPU
		{56AC72D8-BBB3-453B-9F2D-155B34370A97}.Release|x64.ActiveCfg = Release|Any CPU
		{56AC72D8-BBB3-453B-9F2D-155B34370A97}.Release|x64.Build.0 = Release|Any CPU
		{56AC72D8-BBB3-453B-9F2D-155B34370A97}.Release|x86.ActiveCfg = Release|Any CPU
		{56AC72D8-BBB3-453B-9F2D-155B34370A97}.Release|x86.Build.0 = Release|Any CPU
		{B2FAB3E1-D66F-4B4C-A6DE-2EA9098BA74D}.Debug|Any CPU.ActiveCfg = Debug|Any CPU
		{B2FAB3E1-D66F-4B4C-A6DE-2EA9098BA74D}.Debug|Any CPU.Build.0 = Debug|Any CPU
		{B2FAB3E1-D66F-4B4C-A6DE-2EA9098BA74D}.Debug|x64.ActiveCfg = Debug|Any CPU
		{B2FAB3E1-D66F-4B4C-A6DE-2EA9098BA74D}.Debug|x64.Build.0 = Debug|Any CPU
		{B2FAB3E1-D66F-4B4C-A6DE-2EA9098BA74D}.Debug|x86.ActiveCfg = Debug|Any CPU
		{B2FAB3E1-D66F-4B4C-A6DE-2EA9098BA74D}.Debug|x86.Build.0 = Debug|Any CPU
		{B2FAB3E1-D66F-4B4C-A6DE-2EA9098BA74D}.Release|Any CPU.ActiveCfg = Release|Any CPU
		{B2FAB3E1-D66F-4B4C-A6DE-2EA9098BA74D}.Release|Any CPU.Build.0 = Release|Any CPU
		{B2FAB3E1-D66F-4B4C-A6DE-2EA9098BA74D}.Release|x64.ActiveCfg = Release|Any CPU
		{B2FAB3E1-D66F-4B4C-A6DE-2EA9098BA74D}.Release|x64.Build.0 = Release|Any CPU
		{B2FAB3E1-D66F-4B4C-A6DE-2EA9098BA74D}.Release|x86.ActiveCfg = Release|Any CPU
		{B2FAB3E1-D66F-4B4C-A6DE-2EA9098BA74D}.Release|x86.Build.0 = Release|Any CPU
		{AAC8398A-8C8A-4F78-B477-00E331D13AE1}.Debug|Any CPU.ActiveCfg = Debug|Any CPU
		{AAC8398A-8C8A-4F78-B477-00E331D13AE1}.Debug|Any CPU.Build.0 = Debug|Any CPU
		{AAC8398A-8C8A-4F78-B477-00E331D13AE1}.Debug|x64.ActiveCfg = Debug|Any CPU
		{AAC8398A-8C8A-4F78-B477-00E331D13AE1}.Debug|x64.Build.0 = Debug|Any CPU
		{AAC8398A-8C8A-4F78-B477-00E331D13AE1}.Debug|x86.ActiveCfg = Debug|Any CPU
		{AAC8398A-8C8A-4F78-B477-00E331D13AE1}.Debug|x86.Build.0 = Debug|Any CPU
		{AAC8398A-8C8A-4F78-B477-00E331D13AE1}.Release|Any CPU.ActiveCfg = Release|Any CPU
		{AAC8398A-8C8A-4F78-B477-00E331D13AE1}.Release|Any CPU.Build.0 = Release|Any CPU
		{AAC8398A-8C8A-4F78-B477-00E331D13AE1}.Release|x64.ActiveCfg = Release|Any CPU
		{AAC8398A-8C8A-4F78-B477-00E331D13AE1}.Release|x64.Build.0 = Release|Any CPU
		{AAC8398A-8C8A-4F78-B477-00E331D13AE1}.Release|x86.ActiveCfg = Release|Any CPU
		{AAC8398A-8C8A-4F78-B477-00E331D13AE1}.Release|x86.Build.0 = Release|Any CPU
		{146962B4-0082-419D-85D2-4A6040E1EE6F}.Debug|Any CPU.ActiveCfg = Debug|Any CPU
		{146962B4-0082-419D-85D2-4A6040E1EE6F}.Debug|Any CPU.Build.0 = Debug|Any CPU
		{146962B4-0082-419D-85D2-4A6040E1EE6F}.Debug|x64.ActiveCfg = Debug|Any CPU
		{146962B4-0082-419D-85D2-4A6040E1EE6F}.Debug|x64.Build.0 = Debug|Any CPU
		{146962B4-0082-419D-85D2-4A6040E1EE6F}.Debug|x86.ActiveCfg = Debug|Any CPU
		{146962B4-0082-419D-85D2-4A6040E1EE6F}.Debug|x86.Build.0 = Debug|Any CPU
		{146962B4-0082-419D-85D2-4A6040E1EE6F}.Release|Any CPU.ActiveCfg = Release|Any CPU
		{146962B4-0082-419D-85D2-4A6040E1EE6F}.Release|Any CPU.Build.0 = Release|Any CPU
		{146962B4-0082-419D-85D2-4A6040E1EE6F}.Release|x64.ActiveCfg = Release|Any CPU
		{146962B4-0082-419D-85D2-4A6040E1EE6F}.Release|x64.Build.0 = Release|Any CPU
		{146962B4-0082-419D-85D2-4A6040E1EE6F}.Release|x86.ActiveCfg = Release|Any CPU
		{146962B4-0082-419D-85D2-4A6040E1EE6F}.Release|x86.Build.0 = Release|Any CPU
		{D8099C48-22BF-4963-84DC-68DF4F807240}.Debug|Any CPU.ActiveCfg = Debug|Any CPU
		{D8099C48-22BF-4963-84DC-68DF4F807240}.Debug|Any CPU.Build.0 = Debug|Any CPU
		{D8099C48-22BF-4963-84DC-68DF4F807240}.Debug|x64.ActiveCfg = Debug|Any CPU
		{D8099C48-22BF-4963-84DC-68DF4F807240}.Debug|x64.Build.0 = Debug|Any CPU
		{D8099C48-22BF-4963-84DC-68DF4F807240}.Debug|x86.ActiveCfg = Debug|Any CPU
		{D8099C48-22BF-4963-84DC-68DF4F807240}.Debug|x86.Build.0 = Debug|Any CPU
		{D8099C48-22BF-4963-84DC-68DF4F807240}.Release|Any CPU.ActiveCfg = Release|Any CPU
		{D8099C48-22BF-4963-84DC-68DF4F807240}.Release|Any CPU.Build.0 = Release|Any CPU
		{D8099C48-22BF-4963-84DC-68DF4F807240}.Release|x64.ActiveCfg = Release|Any CPU
		{D8099C48-22BF-4963-84DC-68DF4F807240}.Release|x64.Build.0 = Release|Any CPU
		{D8099C48-22BF-4963-84DC-68DF4F807240}.Release|x86.ActiveCfg = Release|Any CPU
		{D8099C48-22BF-4963-84DC-68DF4F807240}.Release|x86.Build.0 = Release|Any CPU
		{24DB845A-7B05-4F26-A2F5-DC3E6C0AF06B}.Debug|Any CPU.ActiveCfg = Debug|Any CPU
		{24DB845A-7B05-4F26-A2F5-DC3E6C0AF06B}.Debug|Any CPU.Build.0 = Debug|Any CPU
		{24DB845A-7B05-4F26-A2F5-DC3E6C0AF06B}.Debug|x64.ActiveCfg = Debug|Any CPU
		{24DB845A-7B05-4F26-A2F5-DC3E6C0AF06B}.Debug|x64.Build.0 = Debug|Any CPU
		{24DB845A-7B05-4F26-A2F5-DC3E6C0AF06B}.Debug|x86.ActiveCfg = Debug|Any CPU
		{24DB845A-7B05-4F26-A2F5-DC3E6C0AF06B}.Debug|x86.Build.0 = Debug|Any CPU
		{24DB845A-7B05-4F26-A2F5-DC3E6C0AF06B}.Release|Any CPU.ActiveCfg = Release|Any CPU
		{24DB845A-7B05-4F26-A2F5-DC3E6C0AF06B}.Release|Any CPU.Build.0 = Release|Any CPU
		{24DB845A-7B05-4F26-A2F5-DC3E6C0AF06B}.Release|x64.ActiveCfg = Release|Any CPU
		{24DB845A-7B05-4F26-A2F5-DC3E6C0AF06B}.Release|x64.Build.0 = Release|Any CPU
		{24DB845A-7B05-4F26-A2F5-DC3E6C0AF06B}.Release|x86.ActiveCfg = Release|Any CPU
		{24DB845A-7B05-4F26-A2F5-DC3E6C0AF06B}.Release|x86.Build.0 = Release|Any CPU
		{851B9604-A748-4FEA-B226-517D16977C78}.Debug|Any CPU.ActiveCfg = Debug|Any CPU
		{851B9604-A748-4FEA-B226-517D16977C78}.Debug|Any CPU.Build.0 = Debug|Any CPU
		{851B9604-A748-4FEA-B226-517D16977C78}.Debug|x64.ActiveCfg = Debug|Any CPU
		{851B9604-A748-4FEA-B226-517D16977C78}.Debug|x64.Build.0 = Debug|Any CPU
		{851B9604-A748-4FEA-B226-517D16977C78}.Debug|x86.ActiveCfg = Debug|Any CPU
		{851B9604-A748-4FEA-B226-517D16977C78}.Debug|x86.Build.0 = Debug|Any CPU
		{851B9604-A748-4FEA-B226-517D16977C78}.Release|Any CPU.ActiveCfg = Release|Any CPU
		{851B9604-A748-4FEA-B226-517D16977C78}.Release|Any CPU.Build.0 = Release|Any CPU
		{851B9604-A748-4FEA-B226-517D16977C78}.Release|x64.ActiveCfg = Release|Any CPU
		{851B9604-A748-4FEA-B226-517D16977C78}.Release|x64.Build.0 = Release|Any CPU
		{851B9604-A748-4FEA-B226-517D16977C78}.Release|x86.ActiveCfg = Release|Any CPU
		{851B9604-A748-4FEA-B226-517D16977C78}.Release|x86.Build.0 = Release|Any CPU
		{C3DCC373-E866-49EF-AE04-F1E599823958}.Debug|Any CPU.ActiveCfg = Debug|Any CPU
		{C3DCC373-E866-49EF-AE04-F1E599823958}.Debug|Any CPU.Build.0 = Debug|Any CPU
		{C3DCC373-E866-49EF-AE04-F1E599823958}.Debug|x64.ActiveCfg = Debug|Any CPU
		{C3DCC373-E866-49EF-AE04-F1E599823958}.Debug|x64.Build.0 = Debug|Any CPU
		{C3DCC373-E866-49EF-AE04-F1E599823958}.Debug|x86.ActiveCfg = Debug|Any CPU
		{C3DCC373-E866-49EF-AE04-F1E599823958}.Debug|x86.Build.0 = Debug|Any CPU
		{C3DCC373-E866-49EF-AE04-F1E599823958}.Release|Any CPU.ActiveCfg = Release|Any CPU
		{C3DCC373-E866-49EF-AE04-F1E599823958}.Release|Any CPU.Build.0 = Release|Any CPU
		{C3DCC373-E866-49EF-AE04-F1E599823958}.Release|x64.ActiveCfg = Release|Any CPU
		{C3DCC373-E866-49EF-AE04-F1E599823958}.Release|x64.Build.0 = Release|Any CPU
		{C3DCC373-E866-49EF-AE04-F1E599823958}.Release|x86.ActiveCfg = Release|Any CPU
		{C3DCC373-E866-49EF-AE04-F1E599823958}.Release|x86.Build.0 = Release|Any CPU
		{086AFECC-8800-430A-BEAF-ADE5FEB10A69}.Debug|Any CPU.ActiveCfg = Debug|Any CPU
		{086AFECC-8800-430A-BEAF-ADE5FEB10A69}.Debug|Any CPU.Build.0 = Debug|Any CPU
		{086AFECC-8800-430A-BEAF-ADE5FEB10A69}.Debug|x64.ActiveCfg = Debug|Any CPU
		{086AFECC-8800-430A-BEAF-ADE5FEB10A69}.Debug|x64.Build.0 = Debug|Any CPU
		{086AFECC-8800-430A-BEAF-ADE5FEB10A69}.Debug|x86.ActiveCfg = Debug|Any CPU
		{086AFECC-8800-430A-BEAF-ADE5FEB10A69}.Debug|x86.Build.0 = Debug|Any CPU
		{086AFECC-8800-430A-BEAF-ADE5FEB10A69}.Release|Any CPU.ActiveCfg = Release|Any CPU
		{086AFECC-8800-430A-BEAF-ADE5FEB10A69}.Release|Any CPU.Build.0 = Release|Any CPU
		{086AFECC-8800-430A-BEAF-ADE5FEB10A69}.Release|x64.ActiveCfg = Release|Any CPU
		{086AFECC-8800-430A-BEAF-ADE5FEB10A69}.Release|x64.Build.0 = Release|Any CPU
		{086AFECC-8800-430A-BEAF-ADE5FEB10A69}.Release|x86.ActiveCfg = Release|Any CPU
		{086AFECC-8800-430A-BEAF-ADE5FEB10A69}.Release|x86.Build.0 = Release|Any CPU
	EndGlobalSection
	GlobalSection(SolutionProperties) = preSolution
		HideSolutionNode = FALSE
	EndGlobalSection
	GlobalSection(NestedProjects) = preSolution
		{0D030890-1B3C-44C8-BD32-1864AA874C4C} = {651A5155-71E5-40DF-87B5-E759E156B758}
		{56AC72D8-BBB3-453B-9F2D-155B34370A97} = {651A5155-71E5-40DF-87B5-E759E156B758}
		{B2FAB3E1-D66F-4B4C-A6DE-2EA9098BA74D} = {651A5155-71E5-40DF-87B5-E759E156B758}
		{AAC8398A-8C8A-4F78-B477-00E331D13AE1} = {651A5155-71E5-40DF-87B5-E759E156B758}
		{146962B4-0082-419D-85D2-4A6040E1EE6F} = {651A5155-71E5-40DF-87B5-E759E156B758}
		{D8099C48-22BF-4963-84DC-68DF4F807240} = {651A5155-71E5-40DF-87B5-E759E156B758}
		{24DB845A-7B05-4F26-A2F5-DC3E6C0AF06B} = {145A4264-4BF9-4BA8-90B8-B47210D68DCE}
		{851B9604-A748-4FEA-B226-517D16977C78} = {145A4264-4BF9-4BA8-90B8-B47210D68DCE}
		{C3DCC373-E866-49EF-AE04-F1E599823958} = {145A4264-4BF9-4BA8-90B8-B47210D68DCE}
		{086AFECC-8800-430A-BEAF-ADE5FEB10A69} = {145A4264-4BF9-4BA8-90B8-B47210D68DCE}
	EndGlobalSection
	GlobalSection(ExtensibilityGlobals) = postSolution
		SolutionGuid = {833EA171-BF04-4381-A348-577F82CFBD6A}
	EndGlobalSection
EndGlobal
